
Microsoft Visual Studio Solution File, Format Version 12.00
# Visual Studio Version 16
VisualStudioVersion = 16.0.32106.194
MinimumVisualStudioVersion = 10.0.40219.1
Project("{FAE04EC0-301F-11D3-BF4B-00C04F79EFBC}") = "APiJwtToken", "APiJwtToken.csproj", "{56038EF7-31ED-4103-BD5E-7A4B836E82BD}"
EndProject
Global
	GlobalSection(SolutionConfigurationPlatforms) = preSolution
		Debug|Any CPU = Debug|Any CPU
		Release|Any CPU = Release|Any CPU
	EndGlobalSection
	GlobalSection(ProjectConfigurationPlatforms) = postSolution
		{56038EF7-31ED-4103-BD5E-7A4B836E82BD}.Debug|Any CPU.ActiveCfg = Debug|Any CPU
		{56038EF7-31ED-4103-BD5E-7A4B836E82BD}.Debug|Any CPU.Build.0 = Debug|Any CPU
		{56038EF7-31ED-4103-BD5E-7A4B836E82BD}.Release|Any CPU.ActiveCfg = Release|Any CPU
		{56038EF7-31ED-4103-BD5E-7A4B836E82BD}.Release|Any CPU.Build.0 = Release|Any CPU
	EndGlobalSection
	GlobalSection(SolutionProperties) = preSolution
		HideSolutionNode = FALSE
	EndGlobalSection
	GlobalSection(ExtensibilityGlobals) = postSolution
		SolutionGuid = {104273F1-27B0-4C3A-8C12-163710FB09FB}
	EndGlobalSection
EndGlobal
